// !$*UTF8*$!
{
	archiveVersion = 1;
	classes = {
	};
	objectVersion = 46;
	objects = {

/* Begin PBXBuildFile section */
		2C295FDD15D82A2500174276 /* UIKit.framework in Frameworks */ = {isa = PBXBuildFile; fileRef = 2C295FDC15D82A2500174276 /* UIKit.framework */; };
		2C295FDF15D82A2500174276 /* Foundation.framework in Frameworks */ = {isa = PBXBuildFile; fileRef = 2C295FDE15D82A2500174276 /* Foundation.framework */; };
		2C295FE115D82A2500174276 /* CoreGraphics.framework in Frameworks */ = {isa = PBXBuildFile; fileRef = 2C295FE015D82A2500174276 /* CoreGraphics.framework */; };
		2C295FE715D82A2500174276 /* InfoPlist.strings in Resources */ = {isa = PBXBuildFile; fileRef = 2C295FE515D82A2500174276 /* InfoPlist.strings */; };
		2C295FE915D82A2500174276 /* main.m in Sources */ = {isa = PBXBuildFile; fileRef = 2C295FE815D82A2500174276 /* main.m */; };
		2C295FED15D82A2500174276 /* CalculatorAppDelegate.m in Sources */ = {isa = PBXBuildFile; fileRef = 2C295FEC15D82A2500174276 /* CalculatorAppDelegate.m */; };
		2C295FF015D82A2500174276 /* MainStoryboard.storyboard in Resources */ = {isa = PBXBuildFile; fileRef = 2C295FEE15D82A2500174276 /* MainStoryboard.storyboard */; };
		2C295FF315D82A2500174276 /* CalculatorViewController.m in Sources */ = {isa = PBXBuildFile; fileRef = 2C295FF215D82A2500174276 /* CalculatorViewController.m */; };
		2C295FFB15D86E3A00174276 /* CalculatorBrain.m in Sources */ = {isa = PBXBuildFile; fileRef = 2C295FFA15D86E3A00174276 /* CalculatorBrain.m */; };
/* End PBXBuildFile section */

/* Begin PBXFileReference section */
		2C295FD815D82A2500174276 /* Calculator.app */ = {isa = PBXFileReference; explicitFileType = wrapper.application; includeInIndex = 0; path = Calculator.app; sourceTree = BUILT_PRODUCTS_DIR; };
		2C295FDC15D82A2500174276 /* UIKit.framework */ = {isa = PBXFileReference; lastKnownFileType = wrapper.framework; name = UIKit.framework; path = System/Library/Frameworks/UIKit.framework; sourceTree = SDKROOT; };
		2C295FDE15D82A2500174276 /* Foundation.framework */ = {isa = PBXFileReference; lastKnownFileType = wrapper.framework; name = Foundation.framework; path = System/Library/Frameworks/Foundation.framework; sourceTree = SDKROOT; };
		2C295FE015D82A2500174276 /* CoreGraphics.framework */ = {isa = PBXFileReference; lastKnownFileType = wrapper.framework; name = CoreGraphics.framework; path = System/Library/Frameworks/CoreGraphics.framework; sourceTree = SDKROOT; };
		2C295FE415D82A2500174276 /* Calculator-Info.plist */ = {isa = PBXFileReference; lastKnownFileType = text.plist.xml; path = "Calculator-Info.plist"; sourceTree = "<group>"; };
		2C295FE615D82A2500174276 /* en */ = {isa = PBXFileReference; lastKnownFileType = text.plist.strings; name = en; path = en.lproj/InfoPlist.strings; sourceTree = "<group>"; };
		2C295FE815D82A2500174276 /* main.m */ = {isa = PBXFileReference; lastKnownFileType = sourcecode.c.objc; path = main.m; sourceTree = "<group>"; };
		2C295FEA15D82A2500174276 /* Calculator-Prefix.pch */ = {isa = PBXFileReference; lastKnownFileType = sourcecode.c.h; path = "Calculator-Prefix.pch"; sourceTree = "<group>"; };
		2C295FEB15D82A2500174276 /* CalculatorAppDelegate.h */ = {isa = PBXFileReference; lastKnownFileType = sourcecode.c.h; path = CalculatorAppDelegate.h; sourceTree = "<group>"; };
		2C295FEC15D82A2500174276 /* CalculatorAppDelegate.m */ = {isa = PBXFileReference; lastKnownFileType = sourcecode.c.objc; path = CalculatorAppDelegate.m; sourceTree = "<group>"; };
		2C295FEF15D82A2500174276 /* en */ = {isa = PBXFileReference; lastKnownFileType = file.storyboard; name = en; path = en.lproj/MainStoryboard.storyboard; sourceTree = "<group>"; };
		2C295FF115D82A2500174276 /* CalculatorViewController.h */ = {isa = PBXFileReference; lastKnownFileType = sourcecode.c.h; path = CalculatorViewController.h; sourceTree = "<group>"; };
		2C295FF215D82A2500174276 /* CalculatorViewController.m */ = {isa = PBXFileReference; lastKnownFileType = sourcecode.c.objc; path = CalculatorViewController.m; sourceTree = "<group>"; };
		2C295FF915D86E3A00174276 /* CalculatorBrain.h */ = {isa = PBXFileReference; fileEncoding = 4; lastKnownFileType = sourcecode.c.h; path = CalculatorBrain.h; sourceTree = "<group>"; };
		2C295FFA15D86E3A00174276 /* CalculatorBrain.m */ = {isa = PBXFileReference; fileEncoding = 4; lastKnownFileType = sourcecode.c.objc; path = CalculatorBrain.m; sourceTree = "<group>"; };
/* End PBXFileReference section */

/* Begin PBXFrameworksBuildPhase section */
		2C295FD515D82A2500174276 /* Frameworks */ = {
			isa = PBXFrameworksBuildPhase;
			buildActionMask = 2147483647;
			files = (
				2C295FDD15D82A2500174276 /* UIKit.framework in Frameworks */,
				2C295FDF15D82A2500174276 /* Foundation.framework in Frameworks */,
				2C295FE115D82A2500174276 /* CoreGraphics.framework in Frameworks */,
			);
			runOnlyForDeploymentPostprocessing = 0;
		};
/* End PBXFrameworksBuildPhase section */

/* Begin PBXGroup section */
		2C295FCD15D82A2500174276 = {
			isa = PBXGroup;
			children = (
				2C295FE215D82A2500174276 /* Calculator */,
				2C295FDB15D82A2500174276 /* Frameworks */,
				2C295FD915D82A2500174276 /* Products */,
			);
			sourceTree = "<group>";
		};
		2C295FD915D82A2500174276 /* Products */ = {
			isa = PBXGroup;
			children = (
				2C295FD815D82A2500174276 /* Calculator.app */,
			);
			name = Products;
			sourceTree = "<group>";
		};
		2C295FDB15D82A2500174276 /* Frameworks */ = {
			isa = PBXGroup;
			children = (
				2C295FDC15D82A2500174276 /* UIKit.framework */,
				2C295FDE15D82A2500174276 /* Foundation.framework */,
				2C295FE015D82A2500174276 /* CoreGraphics.framework */,
			);
			name = Frameworks;
			sourceTree = "<group>";
		};
		2C295FE215D82A2500174276 /* Calculator */ = {
			isa = PBXGroup;
			children = (
				2C295FEB15D82A2500174276 /* CalculatorAppDelegate.h */,
				2C295FEC15D82A2500174276 /* CalculatorAppDelegate.m */,
				2C295FEE15D82A2500174276 /* MainStoryboard.storyboard */,
				2C295FF915D86E3A00174276 /* CalculatorBrain.h */,
				2C295FFA15D86E3A00174276 /* CalculatorBrain.m */,
				2C295FF115D82A2500174276 /* CalculatorViewController.h */,
				2C295FF215D82A2500174276 /* CalculatorViewController.m */,
				2C295FE315D82A2500174276 /* Supporting Files */,
			);
			path = Calculator;
			sourceTree = "<group>";
		};
		2C295FE315D82A2500174276 /* Supporting Files */ = {
			isa = PBXGroup;
			children = (
				2C295FE415D82A2500174276 /* Calculator-Info.plist */,
				2C295FE515D82A2500174276 /* InfoPlist.strings */,
				2C295FE815D82A2500174276 /* main.m */,
				2C295FEA15D82A2500174276 /* Calculator-Prefix.pch */,
			);
			name = "Supporting Files";
			sourceTree = "<group>";
		};
/* End PBXGroup section */

/* Begin PBXNativeTarget section */
		2C295FD715D82A2500174276 /* Calculator */ = {
			isa = PBXNativeTarget;
			buildConfigurationList = 2C295FF615D82A2500174276 /* Build configuration list for PBXNativeTarget "Calculator" */;
			buildPhases = (
				2C295FD415D82A2500174276 /* Sources */,
				2C295FD515D82A2500174276 /* Frameworks */,
				2C295FD615D82A2500174276 /* Resources */,
			);
			buildRules = (
			);
			dependencies = (
			);
			name = Calculator;
			productName = Calculator;
			productReference = 2C295FD815D82A2500174276 /* Calculator.app */;
			productType = "com.apple.product-type.application";
		};
/* End PBXNativeTarget section */

/* Begin PBXProject section */
		2C295FCF15D82A2500174276 /* Project object */ = {
			isa = PBXProject;
			attributes = {
				CLASSPREFIX = Calculator;
				LastUpgradeCheck = 0440;
				ORGANIZATIONNAME = "Eduardo Montero";
			};
			buildConfigurationList = 2C295FD215D82A2500174276 /* Build configuration list for PBXProject "Calculator" */;
			compatibilityVersion = "Xcode 3.2";
			developmentRegion = English;
			hasScannedForEncodings = 0;
			knownRegions = (
				en,
			);
			mainGroup = 2C295FCD15D82A2500174276;
			productRefGroup = 2C295FD915D82A2500174276 /* Products */;
			projectDirPath = "";
			projectRoot = "";
			targets = (
				2C295FD715D82A2500174276 /* Calculator */,
			);
		};
/* End PBXProject section */

/* Begin PBXResourcesBuildPhase section */
		2C295FD615D82A2500174276 /* Resources */ = {
			isa = PBXResourcesBuildPhase;
			buildActionMask = 2147483647;
			files = (
				2C295FE715D82A2500174276 /* InfoPlist.strings in Resources */,
				2C295FF015D82A2500174276 /* MainStoryboard.storyboard in Resources */,
			);
			runOnlyForDeploymentPostprocessing = 0;
		};
/* End PBXResourcesBuildPhase section */

/* Begin PBXSourcesBuildPhase section */
		2C295FD415D82A2500174276 /* Sources */ = {
			isa = PBXSourcesBuildPhase;
			buildActionMask = 2147483647;
			files = (
				2C295FE915D82A2500174276 /* main.m in Sources */,
				2C295FED15D82A2500174276 /* CalculatorAppDelegate.m in Sources */,
				2C295FF315D82A2500174276 /* CalculatorViewController.m in Sources */,
				2C295FFB15D86E3A00174276 /* CalculatorBrain.m in Sources */,
			);
			runOnlyForDeploymentPostprocessing = 0;
		};
/* End PBXSourcesBuildPhase section */

/* Begin PBXVariantGroup section */
		2C295FE515D82A2500174276 /* InfoPlist.strings */ = {
			isa = PBXVariantGroup;
			children = (
				2C295FE615D82A2500174276 /* en */,
			);
			name = InfoPlist.strings;
			sourceTree = "<group>";
		};
		2C295FEE15D82A2500174276 /* MainStoryboard.storyboard */ = {
			isa = PBXVariantGroup;
			children = (
				2C295FEF15D82A2500174276 /* en */,
			);
			name = MainStoryboard.storyboard;
			sourceTree = "<group>";
		};
/* End PBXVariantGroup section */

/* Begin XCBuildConfiguration section */
		2C295FF415D82A2500174276 /* Debug */ = {
			isa = XCBuildConfiguration;
			buildSettings = {
				ALWAYS_SEARCH_USER_PATHS = NO;
				ARCHS = "$(ARCHS_STANDARD_32_BIT)";
				CLANG_CXX_LANGUAGE_STANDARD = "gnu++0x";
				CLANG_ENABLE_OBJC_ARC = YES;
				CLANG_WARN__DUPLICATE_METHOD_MATCH = YES;
				"CODE_SIGN_IDENTITY[sdk=iphoneos*]" = "iPhone Developer";
				COPY_PHASE_STRIP = NO;
				GCC_C_LANGUAGE_STANDARD = gnu99;
				GCC_DYNAMIC_NO_PIC = NO;
				GCC_OPTIMIZATION_LEVEL = 0;
				GCC_PREPROCESSOR_DEFINITIONS = (
					"DEBUG=1",
					"$(inherited)",
				);
				GCC_SYMBOLS_PRIVATE_EXTERN = NO;
				GCC_VERSION = com.apple.compilers.llvm.clang.1_0;
				GCC_WARN_ABOUT_RETURN_TYPE = YES;
				GCC_WARN_UNINITIALIZED_AUTOS = YES;
				GCC_WARN_UNUSED_VARIABLE = YES;
				IPHONEOS_DEPLOYMENT_TARGET = 5.1;
				SDKROOT = iphoneos;
			};
			name = Debug;
		};
		2C295FF515D82A2500174276 /* Release */ = {
			isa = XCBuildConfiguration;
			buildSettings = {
				ALWAYS_SEARCH_USER_PATHS = NO;
				ARCHS = "$(ARCHS_STANDARD_32_BIT)";
				CLANG_CXX_LANGUAGE_STANDARD = "gnu++0x";
				CLANG_ENABLE_OBJC_ARC = YES;
				CLANG_WARN__DUPLICATE_METHOD_MATCH = YES;
				"CODE_SIGN_IDENTITY[sdk=iphoneos*]" = "iPhone Developer";
				COPY_PHASE_STRIP = YES;
				GCC_C_LANGUAGE_STANDARD = gnu99;
				GCC_VERSION = com.apple.compilers.llvm.clang.1_0;
				GCC_WARN_ABOUT_RETURN_TYPE = YES;
				GCC_WARN_UNINITIALIZED_AUTOS = YES;
				GCC_WARN_UNUSED_VARIABLE = YES;
				IPHONEOS_DEPLOYMENT_TARGET = 5.1;
				OTHER_CFLAGS = "-DNS_BLOCK_ASSERTIONS=1";
				SDKROOT = iphoneos;
				VALIDATE_PRODUCT = YES;
			};
			name = Release;
		};
		2C295FF715D82A2500174276 /* Debug */ = {
			isa = XCBuildConfiguration;
			buildSettings = {
				GCC_PRECOMPILE_PREFIX_HEADER = YES;
				GCC_PREFIX_HEADER = "Calculator/Calculator-Prefix.pch";
				INFOPLIST_FILE = "Calculator/Calculator-Info.plist";
				PRODUCT_NAME = "$(TARGET_NAME)";
				WRAPPER_EXTENSION = app;
			};
			name = Debug;
		};
		2C295FF815D82A2500174276 /* Release */ = {
			isa = XCBuildConfiguration;
			buildSettings = {
				GCC_PRECOMPILE_PREFIX_HEADER = YES;
				GCC_PREFIX_HEADER = "Calculator/Calculator-Prefix.pch";
				INFOPLIST_FILE = "Calculator/Calculator-Info.plist";
				PRODUCT_NAME = "$(TARGET_NAME)";
				WRAPPER_EXTENSION = app;
			};
			name = Release;
		};
/* End XCBuildConfiguration section */

/* Begin XCConfigurationList section */
		2C295FD215D82A2500174276 /* Build configuration list for PBXProject "Calculator" */ = {
			isa = XCConfigurationList;
			buildConfigurations = (
				2C295FF415D82A2500174276 /* Debug */,
				2C295FF515D82A2500174276 /* Release */,
			);
			defaultConfigurationIsVisible = 0;
			defaultConfigurationName = Release;
		};
		2C295FF615D82A2500174276 /* Build configuration list for PBXNativeTarget "Calculator" */ = {
			isa = XCConfigurationList;
			buildConfigurations = (
				2C295FF715D82A2500174276 /* Debug */,
				2C295FF815D82A2500174276 /* Release */,
			);
			defaultConfigurationIsVisible = 0;
		};
/* End XCConfigurationList section */
	};
	rootObject = 2C295FCF15D82A2500174276 /* Project object */;
}
